
Microsoft Visual Studio Solution File, Format Version 12.00
# Visual Studio Version 17
VisualStudioVersion = 17.8.34511.84
MinimumVisualStudioVersion = 10.0.40219.1
Project("{FAE04EC0-301F-11D3-BF4B-00C04F79EFBC}") = "HYCM17032024", "HYCM17032024\HYCM17032024.csproj", "{8038E969-2C97-4F6D-9E1A-85F5231C8961}"
EndProject
Global
	GlobalSection(SolutionConfigurationPlatforms) = preSolution
		Debug|Any CPU = Debug|Any CPU
		Release|Any CPU = Release|Any CPU
	EndGlobalSection
	GlobalSection(ProjectConfigurationPlatforms) = postSolution
		{8038E969-2C97-4F6D-9E1A-85F5231C8961}.Debug|Any CPU.ActiveCfg = Debug|Any CPU
		{8038E969-2C97-4F6D-9E1A-85F5231C8961}.Debug|Any CPU.Build.0 = Debug|Any CPU
		{8038E969-2C97-4F6D-9E1A-85F5231C8961}.Release|Any CPU.ActiveCfg = Release|Any CPU
		{8038E969-2C97-4F6D-9E1A-85F5231C8961}.Release|Any CPU.Build.0 = Release|Any CPU
	EndGlobalSection
	GlobalSection(SolutionProperties) = preSolution
		HideSolutionNode = FALSE
	EndGlobalSection
	GlobalSection(ExtensibilityGlobals) = postSolution
		SolutionGuid = {9521F6C7-D78D-42FF-BD33-3CE2D739DE02}
	EndGlobalSection
EndGlobal
